<?xml version="1.0" encoding="utf-8"?>
<Project ToolsVersion="4.0" xmlns="http://schemas.microsoft.com/developer/msbuild/2003">
  <ItemGroup>
    <Filter Include="Source Files">
      <UniqueIdentifier>{4FC737F1-C7A5-4376-A066-2A32D752A2FF}</UniqueIdentifier>
      <Extensions>cpp;c;cc;cxx;c++;cppm;ixx;def;odl;idl;hpj;bat;asm;asmx</Extensions>
    </Filter>
    <Filter Include="Header Files">
      <UniqueIdentifier>{93995380-89BD-4b04-88EB-625FBE52EBFB}</UniqueIdentifier>
      <Extensions>h;hh;hpp;hxx;h++;hm;inl;inc;ipp;xsd</Extensions>
    </Filter>
    <Filter Include="Resource Files">
      <UniqueIdentifier>{67DA6AB6-F800-4c08-8B7A-83BB121AAD01}</UniqueIdentifier>
      <Extensions>rc;ico;cur;bmp;dlg;rc2;rct;bin;rgs;gif;jpg;jpeg;jpe;resx;tiff;tif;png;wav;mfcribbon-ms</Extensions>
    </Filter>
    <Filter Include="Header Files\Bands">
      <UniqueIdentifier>{b9fd7432-c92f-4076-a39f-dd42bfe58351}</UniqueIdentifier>
    </Filter>
    <Filter Include="Header Files\Loads">
      <UniqueIdentifier>{fa42d931-3ff1-4f0f-9671-7a85a2fbdc05}</UniqueIdentifier>
    </Filter>
    <Filter Include="Header Files\Scenarios">
      <UniqueIdentifier>{090081ab-1567-4a03-be6a-47e508144d43}</UniqueIdentifier>
    </Filter>
    <Filter Include="Output">
      <UniqueIdentifier>{ec703ff8-9cae-45da-8abe-52b5ff38be2c}</UniqueIdentifier>
    </Filter>
    <Filter Include="Source Files\Bands">
      <UniqueIdentifier>{d93fc7dc-79a0-4daa-90e5-b5f5923c6311}</UniqueIdentifier>
    </Filter>
    <Filter Include="Source Files\Scenarios">
      <UniqueIdentifier>{a504ce2c-2a8e-4cee-8d53-db742026aa08}</UniqueIdentifier>
    </Filter>
    <Filter Include="Source Files\Loads">
      <UniqueIdentifier>{c9ad8b40-0e48-46a2-9dd4-96d2406923ae}</UniqueIdentifier>
    </Filter>
    <Filter Include="Source Files\Other classes">
      <UniqueIdentifier>{74dc76ab-4341-43a9-b04b-202e2163b4b5}</UniqueIdentifier>
    </Filter>
  </ItemGroup>
  <ItemGroup>
    <ClCompile Include="App.cpp">
      <Filter>Source Files</Filter>
    </ClCompile>
    <ClCompile Include="MainFrame.cpp">
      <Filter>Source Files</Filter>
    </ClCompile>
    <ClCompile Include="Global.cpp">
      <Filter>Source Files</Filter>
    </ClCompile>
    <ClCompile Include="ModelConstants.cpp">
      <Filter>Source Files</Filter>
    </ClCompile>
    <ClCompile Include="BandRow.cpp">
      <Filter>Source Files\Bands</Filter>
    </ClCompile>
    <ClCompile Include="BandsPanel.cpp">
      <Filter>Source Files\Bands</Filter>
    </ClCompile>
    <ClCompile Include="Scenario.cpp">
      <Filter>Source Files\Scenarios</Filter>
    </ClCompile>
    <ClCompile Include="LoadsPanel.cpp">
      <Filter>Source Files\Loads</Filter>
    </ClCompile>
    <ClCompile Include="ScenariosPanel.cpp">
      <Filter>Source Files\Scenarios</Filter>
    </ClCompile>
    <ClCompile Include="DVNFileData.cpp">
      <Filter>Source Files\Other classes</Filter>
    </ClCompile>
    <ClCompile Include="NameSetter.cpp">
      <Filter>Source Files\Other classes</Filter>
    </ClCompile>
    <ClCompile Include="SideNotebook.cpp">
      <Filter>Source Files\Other classes</Filter>
    </ClCompile>
    <ClCompile Include="SideNotebookPanel.cpp">
      <Filter>Source Files\Other classes</Filter>
    </ClCompile>
  </ItemGroup>
  <ItemGroup>
    <ClInclude Include="MainFrame.h">
      <Filter>Header Files</Filter>
    </ClInclude>
    <ClInclude Include="Includes.h">
      <Filter>Resource Files</Filter>
    </ClInclude>
    <ClInclude Include="NameSetter.h">
      <Filter>Header Files</Filter>
    </ClInclude>
    <ClInclude Include="Global.h">
      <Filter>Resource Files</Filter>
    </ClInclude>
    <ClInclude Include="ModelConstants.h">
      <Filter>Resource Files</Filter>
    </ClInclude>
    <ClInclude Include="BandInfo.h">
      <Filter>Header Files\Bands</Filter>
    </ClInclude>
    <ClInclude Include="BandPreset.h">
      <Filter>Header Files\Bands</Filter>
    </ClInclude>
    <ClInclude Include="BandsPanel.h">
      <Filter>Header Files\Bands</Filter>
    </ClInclude>
    <ClInclude Include="Load.h">
      <Filter>Header Files\Loads</Filter>
    </ClInclude>
    <ClInclude Include="Scenario.h">
      <Filter>Header Files\Scenarios</Filter>
    </ClInclude>
    <ClInclude Include="ScenarioPreset.h">
      <Filter>Header Files\Scenarios</Filter>
    </ClInclude>
    <ClInclude Include="BandRow.h">
      <Filter>Header Files\Bands</Filter>
    </ClInclude>
    <ClInclude Include="ScenariosPanel.h">
      <Filter>Header Files\Scenarios</Filter>
    </ClInclude>
    <ClInclude Include="LoadsPanel.h">
      <Filter>Header Files\Loads</Filter>
    </ClInclude>
    <ClInclude Include="DVNFileData.h">
      <Filter>Header Files</Filter>
    </ClInclude>
    <ClInclude Include="SideMenuCtrl.h">
      <Filter>Header Files</Filter>
    </ClInclude>
    <ClInclude Include="SideNotebook.h">
      <Filter>Header Files</Filter>
    </ClInclude>
    <ClInclude Include="SideNotebookPanel.h">
      <Filter>Header Files</Filter>
    </ClInclude>
  </ItemGroup>
  <ItemGroup>
    <None Include="..\x64\Release\DVN Controller.exe">
      <Filter>Output</Filter>
    </None>
  </ItemGroup>
</Project>